<Solution>
  <Folder Name="/src/">
    <Project Path="src/TodoApp.Backend/TodoApp.Backend.fsproj" />
    <Project Path="src/TodoApp.Mobile/TodoApp.Mobile.fsproj" />
    <Project Path="src/TodoApp.Shared/TodoApp.Shared.fsproj" />
    <Project Path="src/TodoApp.Web/TodoApp.Web.fsproj" />
  </Folder>
  <Folder Name="/tests/">
    <Project Path="tests/TodoApp.Tests/TodoApp.Tests.fsproj" />
  </Folder>
</Solution>
